{
	"name": "api",
	"version": "1.0.0",
	"lockfileVersion": 3,
	"requires": true,
	"packages": {
		"": {
			"name": "api",
			"version": "1.0.0",
			"license": "ISC",
			"dependencies": {
				"@prisma/client": "^6.10.0",
				"bcrypt": "^6.0.0",
				"cookie-parser": "^1.4.7",
				"cors": "^2.8.5",
				"date-fns": "^4.1.0",
				"dotenv": "^16.5.0",
				"express": "^5.1.0",
				"jsonwebtoken": "^9.0.2",
				"multer": "^2.0.1",
				"nodemon": "^3.1.10",
				"passport": "^0.7.0",
				"passport-jwt": "^4.0.1",
				"prisma": "^6.10.0"
			},
			"devDependencies": {
				"@types/bcrypt": "^5.0.2",
				"@types/cookie-parser": "^1.4.9",
				"@types/cors": "^2.8.19",
				"@types/express": "^5.0.3",
				"@types/jsonwebtoken": "^9.0.10",
				"@types/multer": "^1.4.13",
				"@types/node": "^24.0.3",
				"@types/passport": "^1.0.17",
				"@types/passport-jwt": "^4.0.1",
				"ts-node-dev": "^2.0.0",
				"typescript": "^5.8.3"
			}
		},
		"../../node_modules/.pnpm/@prisma+client@6.10.0_prism_268482881480d4183633c21404c6e205/node_modules/@prisma/client": {
			"version": "6.10.0",
			"hasInstallScript": true,
			"license": "Apache-2.0",
			"devDependencies": {
				"@cloudflare/workers-types": "4.20250214.0",
				"@codspeed/benchmark.js-plugin": "4.0.0",
				"@faker-js/faker": "9.6.0",
				"@fast-check/jest": "2.0.3",
				"@inquirer/prompts": "7.3.3",
				"@jest/create-cache-key-function": "29.7.0",
				"@jest/globals": "29.7.0",
				"@jest/test-sequencer": "29.7.0",
				"@libsql/client": "0.8.0",
				"@neondatabase/serverless": "0.10.2",
				"@opentelemetry/api": "1.9.0",
				"@opentelemetry/context-async-hooks": "2.0.0",
				"@opentelemetry/instrumentation": "0.57.2",
				"@opentelemetry/resources": "1.30.1",
				"@opentelemetry/sdk-trace-base": "1.30.1",
				"@opentelemetry/semantic-conventions": "1.30.0",
				"@planetscale/database": "1.19.0",
				"@prisma/adapter-better-sqlite3": "6.10.0",
				"@prisma/adapter-d1": "6.10.0",
				"@prisma/adapter-libsql": "6.10.0",
				"@prisma/adapter-mssql": "6.10.0",
				"@prisma/adapter-neon": "6.10.0",
				"@prisma/adapter-pg": "6.10.0",
				"@prisma/adapter-planetscale": "6.10.0",
				"@prisma/client-common": "6.10.0",
				"@prisma/client-engine-runtime": "6.10.0",
				"@prisma/client-generator-js": "6.10.0",
				"@prisma/client-generator-ts": "6.10.0",
				"@prisma/config": "6.10.0",
				"@prisma/debug": "6.10.0",
				"@prisma/dmmf": "6.10.0",
				"@prisma/driver-adapter-utils": "6.10.0",
				"@prisma/engines": "6.10.0",
				"@prisma/engines-version": "6.10.0-43.aee10d5a411e4360c6d3445ce4810ca65adbf3e8",
				"@prisma/fetch-engine": "6.10.0",
				"@prisma/generator": "6.10.0",
				"@prisma/generator-helper": "6.10.0",
				"@prisma/get-platform": "6.10.0",
				"@prisma/instrumentation": "6.10.0",
				"@prisma/internals": "6.10.0",
				"@prisma/migrate": "6.10.0",
				"@prisma/mini-proxy": "0.9.5",
				"@prisma/query-compiler-wasm": "6.10.0-43.aee10d5a411e4360c6d3445ce4810ca65adbf3e8",
				"@prisma/query-engine-wasm": "6.10.0-43.aee10d5a411e4360c6d3445ce4810ca65adbf3e8",
				"@prisma/ts-builders": "6.10.0",
				"@snaplet/copycat": "6.0.0",
				"@swc-node/register": "1.10.9",
				"@swc/core": "1.11.5",
				"@swc/jest": "0.2.37",
				"@timsuchanek/copy": "1.4.5",
				"@types/debug": "4.1.12",
				"@types/fs-extra": "11.0.4",
				"@types/jest": "29.5.14",
				"@types/js-levenshtein": "1.1.3",
				"@types/mssql": "9.1.5",
				"@types/node": "18.19.76",
				"@types/pg": "8.11.11",
				"arg": "5.0.2",
				"benchmark": "2.1.4",
				"decimal.js": "10.5.0",
				"esbuild": "0.25.1",
				"execa": "5.1.1",
				"expect-type": "1.2.0",
				"fs-extra": "11.3.0",
				"get-stream": "6.0.1",
				"globby": "11.1.0",
				"indent-string": "4.0.0",
				"jest": "29.7.0",
				"jest-extended": "4.0.2",
				"jest-junit": "16.0.0",
				"jest-serializer-ansi-escapes": "4.0.0",
				"jest-snapshot": "29.7.0",
				"js-levenshtein": "1.1.6",
				"kleur": "4.1.5",
				"klona": "2.0.6",
				"mariadb": "3.4.0",
				"memfs": "4.17.0",
				"mssql": "11.0.1",
				"new-github-issue-url": "0.2.1",
				"p-retry": "4.6.2",
				"pg": "8.14.1",
				"resolve": "1.22.10",
				"rimraf": "6.0.1",
				"simple-statistics": "7.8.8",
				"sort-keys": "5.1.0",
				"source-map-support": "0.5.21",
				"sql-template-tag": "5.2.1",
				"stacktrace-parser": "0.1.11",
				"strip-ansi": "6.0.1",
				"strip-indent": "4.0.0",
				"tempy": "3.0.0",
				"ts-node": "10.9.2",
				"ts-pattern": "5.6.2",
				"tsd": "0.31.2",
				"typescript": "5.4.5",
				"undici": "7.4.0",
				"wrangler": "3.111.0",
				"zx": "8.4.1"
			},
			"engines": {
				"node": ">=18.18"
			},
			"peerDependencies": {
				"prisma": "*",
				"typescript": ">=5.1.0"
			},
			"peerDependenciesMeta": {
				"prisma": {
					"optional": true
				},
				"typescript": {
					"optional": true
				}
			}
		},
		"../../node_modules/.pnpm/@types+bcrypt@5.0.2/node_modules/@types/bcrypt": {
			"version": "5.0.2",
			"dev": true,
			"license": "MIT",
			"dependencies": {
				"@types/node": "*"
			}
		},
		"../../node_modules/.pnpm/@types+cookie-parser@1.4.9_@types+express@5.0.3/node_modules/@types/cookie-parser": {
			"version": "1.4.9",
			"dev": true,
			"license": "MIT",
			"peerDependencies": {
				"@types/express": "*"
			}
		},
		"../../node_modules/.pnpm/@types+cors@2.8.19/node_modules/@types/cors": {
			"version": "2.8.19",
			"dev": true,
			"license": "MIT",
			"dependencies": {
				"@types/node": "*"
			}
		},
		"../../node_modules/.pnpm/@types+express@5.0.3/node_modules/@types/express": {
			"version": "5.0.3",
			"dev": true,
			"license": "MIT",
			"dependencies": {
				"@types/body-parser": "*",
				"@types/express-serve-static-core": "^5.0.0",
				"@types/serve-static": "*"
			}
		},
		"../../node_modules/.pnpm/@types+jsonwebtoken@9.0.10/node_modules/@types/jsonwebtoken": {
			"version": "9.0.10",
			"dev": true,
			"license": "MIT",
			"dependencies": {
				"@types/ms": "*",
				"@types/node": "*"
			}
		},
		"../../node_modules/.pnpm/@types+multer@1.4.13/node_modules/@types/multer": {
			"version": "1.4.13",
			"dev": true,
			"license": "MIT",
			"dependencies": {
				"@types/express": "*"
			}
		},
		"../../node_modules/.pnpm/@types+node@24.0.3/node_modules/@types/node": {
			"version": "24.0.3",
			"dev": true,
			"license": "MIT",
			"dependencies": {
				"undici-types": "~7.8.0"
			}
		},
		"../../node_modules/.pnpm/@types+passport-jwt@4.0.1/node_modules/@types/passport-jwt": {
			"version": "4.0.1",
			"dev": true,
			"license": "MIT",
			"dependencies": {
				"@types/jsonwebtoken": "*",
				"@types/passport-strategy": "*"
			}
		},
		"../../node_modules/.pnpm/@types+passport@1.0.17/node_modules/@types/passport": {
			"version": "1.0.17",
			"dev": true,
			"license": "MIT",
			"dependencies": {
				"@types/express": "*"
			}
		},
		"../../node_modules/.pnpm/bcrypt@6.0.0/node_modules/bcrypt": {
			"version": "6.0.0",
			"hasInstallScript": true,
			"license": "MIT",
			"dependencies": {
				"node-addon-api": "^8.3.0",
				"node-gyp-build": "^4.8.4"
			},
			"devDependencies": {
				"jest": "^29.7.0",
				"prebuildify": "^6.0.1"
			},
			"engines": {
				"node": ">= 18"
			}
		},
		"../../node_modules/.pnpm/cookie-parser@1.4.7/node_modules/cookie-parser": {
			"version": "1.4.7",
			"license": "MIT",
			"dependencies": {
				"cookie": "0.7.2",
				"cookie-signature": "1.0.6"
			},
			"devDependencies": {
				"eslint": "7.32.0",
				"eslint-config-standard": "14.1.1",
				"eslint-plugin-import": "2.25.2",
				"eslint-plugin-markdown": "2.2.1",
				"eslint-plugin-node": "11.1.0",
				"eslint-plugin-promise": "4.3.1",
				"eslint-plugin-standard": "4.1.0",
				"mocha": "9.2.1",
				"nyc": "15.1.0",
				"supertest": "6.1.6"
			},
			"engines": {
				"node": ">= 0.8.0"
			}
		},
		"../../node_modules/.pnpm/cors@2.8.5/node_modules/cors": {
			"version": "2.8.5",
			"license": "MIT",
			"dependencies": {
				"object-assign": "^4",
				"vary": "^1"
			},
			"devDependencies": {
				"after": "0.8.2",
				"eslint": "2.13.1",
				"express": "4.16.3",
				"mocha": "5.2.0",
				"nyc": "13.1.0",
				"supertest": "3.3.0"
			},
			"engines": {
				"node": ">= 0.10"
			}
		},
		"../../node_modules/.pnpm/dotenv@16.5.0/node_modules/dotenv": {
			"version": "16.5.0",
			"license": "BSD-2-Clause",
			"devDependencies": {
				"@types/node": "^18.11.3",
				"decache": "^4.6.2",
				"sinon": "^14.0.1",
				"standard": "^17.0.0",
				"standard-version": "^9.5.0",
				"tap": "^19.2.0",
				"typescript": "^4.8.4"
			},
			"engines": {
				"node": ">=12"
			},
			"funding": {
				"url": "https://dotenvx.com"
			}
		},
		"../../node_modules/.pnpm/express@5.1.0/node_modules/express": {
			"version": "5.1.0",
			"license": "MIT",
			"dependencies": {
				"accepts": "^2.0.0",
				"body-parser": "^2.2.0",
				"content-disposition": "^1.0.0",
				"content-type": "^1.0.5",
				"cookie": "^0.7.1",
				"cookie-signature": "^1.2.1",
				"debug": "^4.4.0",
				"encodeurl": "^2.0.0",
				"escape-html": "^1.0.3",
				"etag": "^1.8.1",
				"finalhandler": "^2.1.0",
				"fresh": "^2.0.0",
				"http-errors": "^2.0.0",
				"merge-descriptors": "^2.0.0",
				"mime-types": "^3.0.0",
				"on-finished": "^2.4.1",
				"once": "^1.4.0",
				"parseurl": "^1.3.3",
				"proxy-addr": "^2.0.7",
				"qs": "^6.14.0",
				"range-parser": "^1.2.1",
				"router": "^2.2.0",
				"send": "^1.1.0",
				"serve-static": "^2.2.0",
				"statuses": "^2.0.1",
				"type-is": "^2.0.1",
				"vary": "^1.1.2"
			},
			"devDependencies": {
				"after": "0.8.2",
				"connect-redis": "^8.0.1",
				"cookie-parser": "1.4.7",
				"cookie-session": "2.1.0",
				"ejs": "^3.1.10",
				"eslint": "8.47.0",
				"express-session": "^1.18.1",
				"hbs": "4.2.0",
				"marked": "^15.0.3",
				"method-override": "3.0.0",
				"mocha": "^10.7.3",
				"morgan": "1.10.0",
				"nyc": "^17.1.0",
				"pbkdf2-password": "1.2.1",
				"supertest": "^6.3.0",
				"vhost": "~3.0.2"
			},
			"engines": {
				"node": ">= 18"
			},
			"funding": {
				"type": "opencollective",
				"url": "https://opencollective.com/express"
			}
		},
		"../../node_modules/.pnpm/jsonwebtoken@9.0.2/node_modules/jsonwebtoken": {
			"version": "9.0.2",
			"license": "MIT",
			"dependencies": {
				"jws": "^3.2.2",
				"lodash.includes": "^4.3.0",
				"lodash.isboolean": "^3.0.3",
				"lodash.isinteger": "^4.0.4",
				"lodash.isnumber": "^3.0.3",
				"lodash.isplainobject": "^4.0.6",
				"lodash.isstring": "^4.0.1",
				"lodash.once": "^4.0.0",
				"ms": "^2.1.1",
				"semver": "^7.5.4"
			},
			"devDependencies": {
				"atob": "^2.1.2",
				"chai": "^4.1.2",
				"conventional-changelog": "~1.1.0",
				"cost-of-modules": "^1.0.1",
				"eslint": "^4.19.1",
				"mocha": "^5.2.0",
				"nsp": "^2.6.2",
				"nyc": "^11.9.0",
				"sinon": "^6.0.0"
			},
			"engines": {
				"node": ">=12",
				"npm": ">=6"
			}
		},
		"../../node_modules/.pnpm/multer@2.0.1/node_modules/multer": {
			"version": "2.0.1",
			"license": "MIT",
			"dependencies": {
				"append-field": "^1.0.0",
				"busboy": "^1.6.0",
				"concat-stream": "^2.0.0",
				"mkdirp": "^0.5.6",
				"object-assign": "^4.1.1",
				"type-is": "^1.6.18",
				"xtend": "^4.0.2"
			},
			"devDependencies": {
				"deep-equal": "^2.0.3",
				"express": "^4.21.2",
				"form-data": "^4.0.2",
				"fs-temp": "^1.2.1",
				"mocha": "^11.5.0",
				"nyc": "^15.1.0",
				"rimraf": "^2.4.1",
				"standard": "^14.3.3",
				"testdata-w3c-json-form": "^1.0.0"
			},
			"engines": {
				"node": ">= 10.16.0"
			}
		},
		"../../node_modules/.pnpm/nodemon@3.1.10/node_modules/nodemon": {
			"version": "3.1.10",
			"license": "MIT",
			"dependencies": {
				"chokidar": "^3.5.2",
				"debug": "^4",
				"ignore-by-default": "^1.0.1",
				"minimatch": "^3.1.2",
				"pstree.remy": "^1.1.8",
				"semver": "^7.5.3",
				"simple-update-notifier": "^2.0.0",
				"supports-color": "^5.5.0",
				"touch": "^3.1.0",
				"undefsafe": "^2.0.5"
			},
			"bin": {
				"nodemon": "bin/nodemon.js"
			},
			"devDependencies": {
				"@commitlint/cli": "^11.0.0",
				"@commitlint/config-conventional": "^11.0.0",
				"async": "1.4.2",
				"coffee-script": "~1.7.1",
				"eslint": "^7.32.0",
				"husky": "^7.0.4",
				"mocha": "^2.5.3",
				"nyc": "^15.1.0",
				"proxyquire": "^1.8.0",
				"semantic-release": "^18.0.0",
				"should": "~4.0.0"
			},
			"engines": {
				"node": ">=10"
			},
			"funding": {
				"type": "opencollective",
				"url": "https://opencollective.com/nodemon"
			}
		},
		"../../node_modules/.pnpm/passport-jwt@4.0.1/node_modules/passport-jwt": {
			"version": "4.0.1",
			"license": "MIT",
			"dependencies": {
				"jsonwebtoken": "^9.0.0",
				"passport-strategy": "^1.0.0"
			},
			"devDependencies": {
				"chai": "^3.0.0",
				"chai-passport-strategy": "^1.0.0",
				"mocha": "^9.2.1",
				"nyc": "^15.1.0",
				"sinon": "^1.0.0"
			}
		},
		"../../node_modules/.pnpm/passport@0.7.0/node_modules/passport": {
			"version": "0.7.0",
			"license": "MIT",
			"dependencies": {
				"passport-strategy": "1.x.x",
				"pause": "0.0.1",
				"utils-merge": "^1.0.1"
			},
			"devDependencies": {
				"chai": "2.x.x",
				"chai-connect-middleware": "0.3.x",
				"chai-passport-strategy": "0.2.x",
				"make-node": "0.3.x",
				"mocha": "2.x.x",
				"proxyquire": "1.4.x"
			},
			"engines": {
				"node": ">= 0.4.0"
			},
			"funding": {
				"type": "github",
				"url": "https://github.com/sponsors/jaredhanson"
			}
		},
		"../../node_modules/.pnpm/prisma@6.10.0_typescript@5.8.3/node_modules/prisma": {
			"version": "6.10.0",
			"hasInstallScript": true,
			"license": "Apache-2.0",
			"dependencies": {
				"@prisma/config": "6.10.0",
				"@prisma/engines": "6.10.0"
			},
			"bin": {
				"prisma": "build/index.js"
			},
			"devDependencies": {
				"@inquirer/prompts": "7.3.3",
				"@libsql/client": "0.8.1",
				"@modelcontextprotocol/sdk": "1.7.0",
				"@prisma/adapter-libsql": "6.10.0",
				"@prisma/client": "6.10.0",
				"@prisma/client-generator-registry": "6.10.0",
				"@prisma/debug": "6.10.0",
				"@prisma/dmmf": "6.10.0",
				"@prisma/fetch-engine": "6.10.0",
				"@prisma/generator": "6.10.0",
				"@prisma/get-platform": "6.10.0",
				"@prisma/internals": "6.10.0",
				"@prisma/migrate": "6.10.0",
				"@prisma/mini-proxy": "0.9.5",
				"@prisma/studio": "0.511.0",
				"@prisma/studio-server": "0.511.0",
				"@swc/core": "1.11.5",
				"@swc/jest": "0.2.37",
				"@types/debug": "4.1.12",
				"@types/fs-extra": "11.0.4",
				"@types/jest": "29.5.14",
				"@types/node": "18.19.76",
				"@types/rimraf": "4.0.5",
				"async-listen": "3.1.0",
				"checkpoint-client": "1.1.33",
				"chokidar": "4.0.3",
				"debug": "4.4.0",
				"dotenv": "16.5.0",
				"effect": "3.12.10",
				"env-paths": "2.2.1",
				"esbuild": "0.25.1",
				"execa": "5.1.1",
				"fast-glob": "3.3.3",
				"fs-extra": "11.3.0",
				"fs-jetpack": "5.1.0",
				"get-port": "5.1.1",
				"get-tsconfig": "4.10.0",
				"global-dirs": "4.0.0",
				"jest": "29.7.0",
				"jest-junit": "16.0.0",
				"kleur": "4.1.5",
				"line-replace": "2.0.1",
				"log-update": "6.1.0",
				"node-fetch": "3.3.2",
				"npm-packlist": "5.1.3",
				"open": "7.4.2",
				"ora": "8.2.0",
				"pkg-up": "3.1.0",
				"resolve-pkg": "2.0.0",
				"rimraf": "6.0.1",
				"strip-ansi": "6.0.1",
				"ts-pattern": "5.6.2",
				"typescript": "5.4.5",
				"vitest": "3.1.3",
				"xdg-app-paths": "8.3.0",
				"zod": "3.24.2",
				"zx": "8.4.1"
			},
			"engines": {
				"node": ">=18.18"
			},
			"peerDependencies": {
				"typescript": ">=5.1.0"
			},
			"peerDependenciesMeta": {
				"typescript": {
					"optional": true
				}
			}
		},
		"../../node_modules/.pnpm/ts-node-dev@2.0.0_@types+node@24.0.3_typescript@5.8.3/node_modules/ts-node-dev": {
			"version": "2.0.0",
			"dev": true,
			"license": "MIT",
			"dependencies": {
				"chokidar": "^3.5.1",
				"dynamic-dedupe": "^0.3.0",
				"minimist": "^1.2.6",
				"mkdirp": "^1.0.4",
				"resolve": "^1.0.0",
				"rimraf": "^2.6.1",
				"source-map-support": "^0.5.12",
				"tree-kill": "^1.2.2",
				"ts-node": "^10.4.0",
				"tsconfig": "^7.0.0"
			},
			"bin": {
				"ts-node-dev": "lib/bin.js",
				"tsnd": "lib/bin.js"
			},
			"devDependencies": {
				"@types/chai": "^4.2.12",
				"@types/chokidar": "^2.1.3",
				"@types/fs-extra": "^9.0.1",
				"@types/minimist": "^1.2.0",
				"@types/mkdirp": "^1.0.1",
				"@types/mocha": "github:whitecolor/mocha-types",
				"@types/node": "^14.6.0",
				"@types/rimraf": "^3.0.0",
				"@types/tape": "^4.13.0",
				"@types/touch": "^3.1.1",
				"@types/ts-nameof": "^4.2.1",
				"@whitecolor/eslint-config": "^1.0.0",
				"chai": "^4.2.0",
				"chalk": "^4.1.0",
				"coffee-script": "^1.8.0",
				"eslint": "^7.7.0",
				"esm": "^3.2.22",
				"fs-extra": "^9.0.1",
				"mocha": "^8.1.1",
				"np": "^7.6.1",
				"tap": "^5.2.0",
				"tape": "^5.0.1",
				"touch": "^1.0.0",
				"ts-nameof": "^5.0.0",
				"tsconfig-paths": "^3.3.1",
				"ttypescript": "^1.5.10",
				"typescript": "^3.9.5"
			},
			"engines": {
				"node": ">=0.8.0"
			},
			"peerDependencies": {
				"node-notifier": "*",
				"typescript": "*"
			},
			"peerDependenciesMeta": {
				"node-notifier": {
					"optional": true
				}
			}
		},
		"../../node_modules/.pnpm/typescript@5.8.3/node_modules/typescript": {
			"version": "5.8.3",
			"dev": true,
			"license": "Apache-2.0",
			"bin": {
				"tsc": "bin/tsc",
				"tsserver": "bin/tsserver"
			},
			"devDependencies": {
				"@dprint/formatter": "^0.4.1",
				"@dprint/typescript": "0.93.3",
				"@esfx/canceltoken": "^1.0.0",
				"@eslint/js": "^9.17.0",
				"@octokit/rest": "^21.0.2",
				"@types/chai": "^4.3.20",
				"@types/diff": "^5.2.3",
				"@types/minimist": "^1.2.5",
				"@types/mocha": "^10.0.10",
				"@types/ms": "^0.7.34",
				"@types/node": "latest",
				"@types/source-map-support": "^0.5.10",
				"@types/which": "^3.0.4",
				"@typescript-eslint/rule-tester": "^8.18.1",
				"@typescript-eslint/type-utils": "^8.18.1",
				"@typescript-eslint/utils": "^8.18.1",
				"azure-devops-node-api": "^14.1.0",
				"c8": "^10.1.3",
				"chai": "^4.5.0",
				"chalk": "^4.1.2",
				"chokidar": "^3.6.0",
				"diff": "^5.2.0",
				"dprint": "^0.47.6",
				"esbuild": "^0.24.0",
				"eslint": "^9.17.0",
				"eslint-formatter-autolinkable-stylish": "^1.4.0",
				"eslint-plugin-regexp": "^2.7.0",
				"fast-xml-parser": "^4.5.1",
				"glob": "^10.4.5",
				"globals": "^15.13.0",
				"hereby": "^1.10.0",
				"jsonc-parser": "^3.3.1",
				"knip": "^5.41.0",
				"minimist": "^1.2.8",
				"mocha": "^10.8.2",
				"mocha-fivemat-progress-reporter": "^0.1.0",
				"monocart-coverage-reports": "^2.11.4",
				"ms": "^2.1.3",
				"playwright": "^1.49.1",
				"source-map-support": "^0.5.21",
				"tslib": "^2.8.1",
				"typescript": "^5.7.2",
				"typescript-eslint": "^8.18.1",
				"which": "^3.0.1"
			},
			"engines": {
				"node": ">=14.17"
			}
		},
		"node_modules/@prisma/client": {
			"resolved": "../../node_modules/.pnpm/@prisma+client@6.10.0_prism_268482881480d4183633c21404c6e205/node_modules/@prisma/client",
			"link": true
		},
		"node_modules/@types/bcrypt": {
			"resolved": "../../node_modules/.pnpm/@types+bcrypt@5.0.2/node_modules/@types/bcrypt",
			"link": true
		},
		"node_modules/@types/cookie-parser": {
			"resolved": "../../node_modules/.pnpm/@types+cookie-parser@1.4.9_@types+express@5.0.3/node_modules/@types/cookie-parser",
			"link": true
		},
		"node_modules/@types/cors": {
			"resolved": "../../node_modules/.pnpm/@types+cors@2.8.19/node_modules/@types/cors",
			"link": true
		},
		"node_modules/@types/express": {
			"resolved": "../../node_modules/.pnpm/@types+express@5.0.3/node_modules/@types/express",
			"link": true
		},
		"node_modules/@types/jsonwebtoken": {
			"resolved": "../../node_modules/.pnpm/@types+jsonwebtoken@9.0.10/node_modules/@types/jsonwebtoken",
			"link": true
		},
		"node_modules/@types/multer": {
			"resolved": "../../node_modules/.pnpm/@types+multer@1.4.13/node_modules/@types/multer",
			"link": true
		},
		"node_modules/@types/node": {
			"resolved": "../../node_modules/.pnpm/@types+node@24.0.3/node_modules/@types/node",
			"link": true
		},
		"node_modules/@types/passport": {
			"resolved": "../../node_modules/.pnpm/@types+passport@1.0.17/node_modules/@types/passport",
			"link": true
		},
		"node_modules/@types/passport-jwt": {
			"resolved": "../../node_modules/.pnpm/@types+passport-jwt@4.0.1/node_modules/@types/passport-jwt",
			"link": true
		},
		"node_modules/bcrypt": {
			"resolved": "../../node_modules/.pnpm/bcrypt@6.0.0/node_modules/bcrypt",
			"link": true
		},
		"node_modules/cookie-parser": {
			"resolved": "../../node_modules/.pnpm/cookie-parser@1.4.7/node_modules/cookie-parser",
			"link": true
		},
		"node_modules/cors": {
			"resolved": "../../node_modules/.pnpm/cors@2.8.5/node_modules/cors",
			"link": true
		},
		"node_modules/date-fns": {
			"version": "4.1.0",
			"resolved": "https://registry.npmjs.org/date-fns/-/date-fns-4.1.0.tgz",
			"integrity": "sha512-Ukq0owbQXxa/U3EGtsdVBkR1w7KOQ5gIBqdH2hkvknzZPYvBxb/aa6E8L7tmjFtkwZBu3UXBbjIgPo/Ez4xaNg==",
			"license": "MIT",
			"funding": {
				"type": "github",
				"url": "https://github.com/sponsors/kossnocorp"
			}
		},
		"node_modules/dotenv": {
			"resolved": "../../node_modules/.pnpm/dotenv@16.5.0/node_modules/dotenv",
			"link": true
		},
		"node_modules/express": {
			"resolved": "../../node_modules/.pnpm/express@5.1.0/node_modules/express",
			"link": true
		},
		"node_modules/jsonwebtoken": {
			"resolved": "../../node_modules/.pnpm/jsonwebtoken@9.0.2/node_modules/jsonwebtoken",
			"link": true
		},
		"node_modules/multer": {
			"resolved": "../../node_modules/.pnpm/multer@2.0.1/node_modules/multer",
			"link": true
		},
		"node_modules/nodemon": {
			"resolved": "../../node_modules/.pnpm/nodemon@3.1.10/node_modules/nodemon",
			"link": true
		},
		"node_modules/passport": {
			"resolved": "../../node_modules/.pnpm/passport@0.7.0/node_modules/passport",
			"link": true
		},
		"node_modules/passport-jwt": {
			"resolved": "../../node_modules/.pnpm/passport-jwt@4.0.1/node_modules/passport-jwt",
			"link": true
		},
		"node_modules/prisma": {
			"resolved": "../../node_modules/.pnpm/prisma@6.10.0_typescript@5.8.3/node_modules/prisma",
			"link": true
		},
		"node_modules/ts-node-dev": {
			"resolved": "../../node_modules/.pnpm/ts-node-dev@2.0.0_@types+node@24.0.3_typescript@5.8.3/node_modules/ts-node-dev",
			"link": true
		},
		"node_modules/typescript": {
			"resolved": "../../node_modules/.pnpm/typescript@5.8.3/node_modules/typescript",
			"link": true
		}
	}
}
